
Microsoft Visual Studio Solution File, Format Version 12.00
Project("{FAE04EC0-301F-11D3-BF4B-00C04F79EFBC}") = "ClassExample", "ClassExample\ClassExample.csproj", "{D2CA3C96-FA21-403C-BA23-80AEB87F9DDC}"
EndProject
Project("{FAE04EC0-301F-11D3-BF4B-00C04F79EFBC}") = "pr8.1_Холомеев", "pr8.1_Холомеев\pr8.1_Холомеев.csproj", "{5C2B3694-30C1-4FD7-9D31-1CE6822DDF8C}"
EndProject
Project("{FAE04EC0-301F-11D3-BF4B-00C04F79EFBC}") = "AbstractClasses", "AbstractClasses\AbstractClasses.csproj", "{7F5A86CC-35E0-4C49-B0C9-03BDC91FA061}"
EndProject
Global
	GlobalSection(SolutionConfigurationPlatforms) = preSolution
		Debug|Any CPU = Debug|Any CPU
		Release|Any CPU = Release|Any CPU
	EndGlobalSection
	GlobalSection(ProjectConfigurationPlatforms) = postSolution
		{D2CA3C96-FA21-403C-BA23-80AEB87F9DDC}.Debug|Any CPU.ActiveCfg = Debug|Any CPU
		{D2CA3C96-FA21-403C-BA23-80AEB87F9DDC}.Debug|Any CPU.Build.0 = Debug|Any CPU
		{D2CA3C96-FA21-403C-BA23-80AEB87F9DDC}.Release|Any CPU.ActiveCfg = Release|Any CPU
		{D2CA3C96-FA21-403C-BA23-80AEB87F9DDC}.Release|Any CPU.Build.0 = Release|Any CPU
		{5C2B3694-30C1-4FD7-9D31-1CE6822DDF8C}.Debug|Any CPU.ActiveCfg = Debug|Any CPU
		{5C2B3694-30C1-4FD7-9D31-1CE6822DDF8C}.Debug|Any CPU.Build.0 = Debug|Any CPU
		{5C2B3694-30C1-4FD7-9D31-1CE6822DDF8C}.Release|Any CPU.ActiveCfg = Release|Any CPU
		{5C2B3694-30C1-4FD7-9D31-1CE6822DDF8C}.Release|Any CPU.Build.0 = Release|Any CPU
		{7F5A86CC-35E0-4C49-B0C9-03BDC91FA061}.Debug|Any CPU.ActiveCfg = Debug|Any CPU
		{7F5A86CC-35E0-4C49-B0C9-03BDC91FA061}.Debug|Any CPU.Build.0 = Debug|Any CPU
		{7F5A86CC-35E0-4C49-B0C9-03BDC91FA061}.Release|Any CPU.ActiveCfg = Release|Any CPU
		{7F5A86CC-35E0-4C49-B0C9-03BDC91FA061}.Release|Any CPU.Build.0 = Release|Any CPU
	EndGlobalSection
EndGlobal
